
Microsoft Visual Studio Solution File, Format Version 12.00
# Visual Studio Version 17
VisualStudioVersion = 17.8.34330.188
MinimumVisualStudioVersion = 10.0.40219.1
Project("{FAE04EC0-301F-11D3-BF4B-00C04F79EFBC}") = "STPR_UI", "STPR_Demo\STPR_UI.csproj", "{B632F72E-6A0E-43A0-BA6C-1ABA5D9AD4B9}"
EndProject
Project("{2150E333-8FDC-42A3-9474-1A3956D46DE8}") = "UI", "UI", "{31794F23-F753-4710-9907-443923C34724}"
EndProject
Global
	GlobalSection(SolutionConfigurationPlatforms) = preSolution
		Debug|Any CPU = Debug|Any CPU
		Release|Any CPU = Release|Any CPU
	EndGlobalSection
	GlobalSection(ProjectConfigurationPlatforms) = postSolution
		{B632F72E-6A0E-43A0-BA6C-1ABA5D9AD4B9}.Debug|Any CPU.ActiveCfg = Debug|Any CPU
		{B632F72E-6A0E-43A0-BA6C-1ABA5D9AD4B9}.Debug|Any CPU.Build.0 = Debug|Any CPU
		{B632F72E-6A0E-43A0-BA6C-1ABA5D9AD4B9}.Release|Any CPU.ActiveCfg = Release|Any CPU
		{B632F72E-6A0E-43A0-BA6C-1ABA5D9AD4B9}.Release|Any CPU.Build.0 = Release|Any CPU
	EndGlobalSection
	GlobalSection(SolutionProperties) = preSolution
		HideSolutionNode = FALSE
	EndGlobalSection
	GlobalSection(NestedProjects) = preSolution
		{B632F72E-6A0E-43A0-BA6C-1ABA5D9AD4B9} = {31794F23-F753-4710-9907-443923C34724}
	EndGlobalSection
	GlobalSection(ExtensibilityGlobals) = postSolution
		SolutionGuid = {A5FFEF0C-E8CD-4D5A-988B-94D4B7FAF1E6}
	EndGlobalSection
EndGlobal
